// !$*UTF8*$!
{
	archiveVersion = 1;
	classes = {
	};
	objectVersion = 48;
	objects = {

/* Begin PBXBuildFile section */
		11D1AA6D1F8E08FF0001178C /* AppDelegate.swift in Sources */ = {isa = PBXBuildFile; fileRef = 11D1AA6C1F8E08FF0001178C /* AppDelegate.swift */; };
		11D1AA721F8E08FF0001178C /* Main.storyboard in Resources */ = {isa = PBXBuildFile; fileRef = 11D1AA701F8E08FF0001178C /* Main.storyboard */; };
		11D1AA741F8E08FF0001178C /* Assets.xcassets in Resources */ = {isa = PBXBuildFile; fileRef = 11D1AA731F8E08FF0001178C /* Assets.xcassets */; };
		11D1AA771F8E08FF0001178C /* LaunchScreen.storyboard in Resources */ = {isa = PBXBuildFile; fileRef = 11D1AA751F8E08FF0001178C /* LaunchScreen.storyboard */; };
		11D1AA801F8E096D0001178C /* ImageViewController.swift in Sources */ = {isa = PBXBuildFile; fileRef = 11D1AA7F1F8E096D0001178C /* ImageViewController.swift */; };
		11D1AA821F8E0B6B0001178C /* DemoURL.swift in Sources */ = {isa = PBXBuildFile; fileRef = 11D1AA811F8E0B6B0001178C /* DemoURL.swift */; };
/* End PBXBuildFile section */

/* Begin PBXFileReference section */
		11D1AA691F8E08FF0001178C /* app-cassini.app */ = {isa = PBXFileReference; explicitFileType = wrapper.application; includeInIndex = 0; path = "app-cassini.app"; sourceTree = BUILT_PRODUCTS_DIR; };
		11D1AA6C1F8E08FF0001178C /* AppDelegate.swift */ = {isa = PBXFileReference; lastKnownFileType = sourcecode.swift; path = AppDelegate.swift; sourceTree = "<group>"; };
		11D1AA711F8E08FF0001178C /* Base */ = {isa = PBXFileReference; lastKnownFileType = file.storyboard; name = Base; path = Base.lproj/Main.storyboard; sourceTree = "<group>"; };
		11D1AA731F8E08FF0001178C /* Assets.xcassets */ = {isa = PBXFileReference; lastKnownFileType = folder.assetcatalog; path = Assets.xcassets; sourceTree = "<group>"; };
		11D1AA761F8E08FF0001178C /* Base */ = {isa = PBXFileReference; lastKnownFileType = file.storyboard; name = Base; path = Base.lproj/LaunchScreen.storyboard; sourceTree = "<group>"; };
		11D1AA781F8E08FF0001178C /* Info.plist */ = {isa = PBXFileReference; lastKnownFileType = text.plist.xml; path = Info.plist; sourceTree = "<group>"; };
		11D1AA7F1F8E096D0001178C /* ImageViewController.swift */ = {isa = PBXFileReference; lastKnownFileType = sourcecode.swift; path = ImageViewController.swift; sourceTree = "<group>"; };
		11D1AA811F8E0B6B0001178C /* DemoURL.swift */ = {isa = PBXFileReference; lastKnownFileType = sourcecode.swift; path = DemoURL.swift; sourceTree = "<group>"; };
/* End PBXFileReference section */

/* Begin PBXFrameworksBuildPhase section */
		11D1AA661F8E08FE0001178C /* Frameworks */ = {
			isa = PBXFrameworksBuildPhase;
			buildActionMask = 2147483647;
			files = (
			);
			runOnlyForDeploymentPostprocessing = 0;
		};
/* End PBXFrameworksBuildPhase section */

/* Begin PBXGroup section */
		11D1AA601F8E08FE0001178C = {
			isa = PBXGroup;
			children = (
				11D1AA6B1F8E08FF0001178C /* app-cassini */,
				11D1AA6A1F8E08FF0001178C /* Products */,
			);
			sourceTree = "<group>";
		};
		11D1AA6A1F8E08FF0001178C /* Products */ = {
			isa = PBXGroup;
			children = (
				11D1AA691F8E08FF0001178C /* app-cassini.app */,
			);
			name = Products;
			sourceTree = "<group>";
		};
		11D1AA6B1F8E08FF0001178C /* app-cassini */ = {
			isa = PBXGroup;
			children = (
				11D1AA701F8E08FF0001178C /* Main.storyboard */,
				11D1AA7F1F8E096D0001178C /* ImageViewController.swift */,
				11D1AA781F8E08FF0001178C /* Info.plist */,
				11D1AA811F8E0B6B0001178C /* DemoURL.swift */,
				11D1AA7E1F8E090F0001178C /* Supporting Files */,
			);
			path = "app-cassini";
			sourceTree = "<group>";
		};
		11D1AA7E1F8E090F0001178C /* Supporting Files */ = {
			isa = PBXGroup;
			children = (
				11D1AA6C1F8E08FF0001178C /* AppDelegate.swift */,
				11D1AA731F8E08FF0001178C /* Assets.xcassets */,
				11D1AA751F8E08FF0001178C /* LaunchScreen.storyboard */,
			);
			name = "Supporting Files";
			sourceTree = "<group>";
		};
/* End PBXGroup section */

/* Begin PBXNativeTarget section */
		11D1AA681F8E08FE0001178C /* app-cassini */ = {
			isa = PBXNativeTarget;
			buildConfigurationList = 11D1AA7B1F8E08FF0001178C /* Build configuration list for PBXNativeTarget "app-cassini" */;
			buildPhases = (
				11D1AA651F8E08FE0001178C /* Sources */,
				11D1AA661F8E08FE0001178C /* Frameworks */,
				11D1AA671F8E08FE0001178C /* Resources */,
			);
			buildRules = (
			);
			dependencies = (
			);
			name = "app-cassini";
			productName = "app-cassini";
			productReference = 11D1AA691F8E08FF0001178C /* app-cassini.app */;
			productType = "com.apple.product-type.application";
		};
/* End PBXNativeTarget section */

/* Begin PBXProject section */
		11D1AA611F8E08FE0001178C /* Project object */ = {
			isa = PBXProject;
			attributes = {
				LastSwiftUpdateCheck = 0900;
				LastUpgradeCheck = 0900;
				ORGANIZATIONNAME = Free;
				TargetAttributes = {
					11D1AA681F8E08FE0001178C = {
						CreatedOnToolsVersion = 9.0;
						ProvisioningStyle = Automatic;
					};
				};
			};
			buildConfigurationList = 11D1AA641F8E08FE0001178C /* Build configuration list for PBXProject "app-cassini" */;
			compatibilityVersion = "Xcode 8.0";
			developmentRegion = en;
			hasScannedForEncodings = 0;
			knownRegions = (
				en,
				Base,
			);
			mainGroup = 11D1AA601F8E08FE0001178C;
			productRefGroup = 11D1AA6A1F8E08FF0001178C /* Products */;
			projectDirPath = "";
			projectRoot = "";
			targets = (
				11D1AA681F8E08FE0001178C /* app-cassini */,
			);
		};
/* End PBXProject section */

/* Begin PBXResourcesBuildPhase section */
		11D1AA671F8E08FE0001178C /* Resources */ = {
			isa = PBXResourcesBuildPhase;
			buildActionMask = 2147483647;
			files = (
				11D1AA771F8E08FF0001178C /* LaunchScreen.storyboard in Resources */,
				11D1AA741F8E08FF0001178C /* Assets.xcassets in Resources */,
				11D1AA721F8E08FF0001178C /* Main.storyboard in Resources */,
			);
			runOnlyForDeploymentPostprocessing = 0;
		};
/* End PBXResourcesBuildPhase section */

/* Begin PBXSourcesBuildPhase section */
		11D1AA651F8E08FE0001178C /* Sources */ = {
			isa = PBXSourcesBuildPhase;
			buildActionMask = 2147483647;
			files = (
				11D1AA801F8E096D0001178C /* ImageViewController.swift in Sources */,
				11D1AA6D1F8E08FF0001178C /* AppDelegate.swift in Sources */,
				11D1AA821F8E0B6B0001178C /* DemoURL.swift in Sources */,
			);
			runOnlyForDeploymentPostprocessing = 0;
		};
/* End PBXSourcesBuildPhase section */

/* Begin PBXVariantGroup section */
		11D1AA701F8E08FF0001178C /* Main.storyboard */ = {
			isa = PBXVariantGroup;
			children = (
				11D1AA711F8E08FF0001178C /* Base */,
			);
			name = Main.storyboard;
			sourceTree = "<group>";
		};
		11D1AA751F8E08FF0001178C /* LaunchScreen.storyboard */ = {
			isa = PBXVariantGroup;
			children = (
				11D1AA761F8E08FF0001178C /* Base */,
			);
			name = LaunchScreen.storyboard;
			sourceTree = "<group>";
		};
/* End PBXVariantGroup section */

/* Begin XCBuildConfiguration section */
		11D1AA791F8E08FF0001178C /* Debug */ = {
			isa = XCBuildConfiguration;
			buildSettings = {
				ALWAYS_SEARCH_USER_PATHS = NO;
				CLANG_ANALYZER_NONNULL = YES;
				CLANG_ANALYZER_NUMBER_OBJECT_CONVERSION = YES_AGGRESSIVE;
				CLANG_CXX_LANGUAGE_STANDARD = "gnu++14";
				CLANG_CXX_LIBRARY = "libc++";
				CLANG_ENABLE_MODULES = YES;
				CLANG_ENABLE_OBJC_ARC = YES;
				CLANG_WARN_BLOCK_CAPTURE_AUTORELEASING = YES;
				CLANG_WARN_BOOL_CONVERSION = YES;
				CLANG_WARN_COMMA = YES;
				CLANG_WARN_CONSTANT_CONVERSION = YES;
				CLANG_WARN_DIRECT_OBJC_ISA_USAGE = YES_ERROR;
				CLANG_WARN_DOCUMENTATION_COMMENTS = YES;
				CLANG_WARN_EMPTY_BODY = YES;
				CLANG_WARN_ENUM_CONVERSION = YES;
				CLANG_WARN_INFINITE_RECURSION = YES;
				CLANG_WARN_INT_CONVERSION = YES;
				CLANG_WARN_NON_LITERAL_NULL_CONVERSION = YES;
				CLANG_WARN_OBJC_LITERAL_CONVERSION = YES;
				CLANG_WARN_OBJC_ROOT_CLASS = YES_ERROR;
				CLANG_WARN_RANGE_LOOP_ANALYSIS = YES;
				CLANG_WARN_STRICT_PROTOTYPES = YES;
				CLANG_WARN_SUSPICIOUS_MOVE = YES;
				CLANG_WARN_UNGUARDED_AVAILABILITY = YES_AGGRESSIVE;
				CLANG_WARN_UNREACHABLE_CODE = YES;
				CLANG_WARN__DUPLICATE_METHOD_MATCH = YES;
				CODE_SIGN_IDENTITY = "iPhone Developer";
				COPY_PHASE_STRIP = NO;
				DEBUG_INFORMATION_FORMAT = dwarf;
				ENABLE_STRICT_OBJC_MSGSEND = YES;
				ENABLE_TESTABILITY = YES;
				GCC_C_LANGUAGE_STANDARD = gnu11;
				GCC_DYNAMIC_NO_PIC = NO;
				GCC_NO_COMMON_BLOCKS = YES;
				GCC_OPTIMIZATION_LEVEL = 0;
				GCC_PREPROCESSOR_DEFINITIONS = (
					"DEBUG=1",
					"$(inherited)",
				);
				GCC_WARN_64_TO_32_BIT_CONVERSION = YES;
				GCC_WARN_ABOUT_RETURN_TYPE = YES_ERROR;
				GCC_WARN_UNDECLARED_SELECTOR = YES;
				GCC_WARN_UNINITIALIZED_AUTOS = YES_AGGRESSIVE;
				GCC_WARN_UNUSED_FUNCTION = YES;
				GCC_WARN_UNUSED_VARIABLE = YES;
				IPHONEOS_DEPLOYMENT_TARGET = 11.0;
				MTL_ENABLE_DEBUG_INFO = YES;
				ONLY_ACTIVE_ARCH = YES;
				SDKROOT = iphoneos;
				SWIFT_ACTIVE_COMPILATION_CONDITIONS = DEBUG;
				SWIFT_OPTIMIZATION_LEVEL = "-Onone";
			};
			name = Debug;
		};
		11D1AA7A1F8E08FF0001178C /* Release */ = {
			isa = XCBuildConfiguration;
			buildSettings = {
				ALWAYS_SEARCH_USER_PATHS = NO;
				CLANG_ANALYZER_NONNULL = YES;
				CLANG_ANALYZER_NUMBER_OBJECT_CONVERSION = YES_AGGRESSIVE;
				CLANG_CXX_LANGUAGE_STANDARD = "gnu++14";
				CLANG_CXX_LIBRARY = "libc++";
				CLANG_ENABLE_MODULES = YES;
				CLANG_ENABLE_OBJC_ARC = YES;
				CLANG_WARN_BLOCK_CAPTURE_AUTORELEASING = YES;
				CLANG_WARN_BOOL_CONVERSION = YES;
				CLANG_WARN_COMMA = YES;
				CLANG_WARN_CONSTANT_CONVERSION = YES;
				CLANG_WARN_DIRECT_OBJC_ISA_USAGE = YES_ERROR;
				CLANG_WARN_DOCUMENTATION_COMMENTS = YES;
				CLANG_WARN_EMPTY_BODY = YES;
				CLANG_WARN_ENUM_CONVERSION = YES;
				CLANG_WARN_INFINITE_RECURSION = YES;
				CLANG_WARN_INT_CONVERSION = YES;
				CLANG_WARN_NON_LITERAL_NULL_CONVERSION = YES;
				CLANG_WARN_OBJC_LITERAL_CONVERSION = YES;
				CLANG_WARN_OBJC_ROOT_CLASS = YES_ERROR;
				CLANG_WARN_RANGE_LOOP_ANALYSIS = YES;
				CLANG_WARN_STRICT_PROTOTYPES = YES;
				CLANG_WARN_SUSPICIOUS_MOVE = YES;
				CLANG_WARN_UNGUARDED_AVAILABILITY = YES_AGGRESSIVE;
				CLANG_WARN_UNREACHABLE_CODE = YES;
				CLANG_WARN__DUPLICATE_METHOD_MATCH = YES;
				CODE_SIGN_IDENTITY = "iPhone Developer";
				COPY_PHASE_STRIP = NO;
				DEBUG_INFORMATION_FORMAT = "dwarf-with-dsym";
				ENABLE_NS_ASSERTIONS = NO;
				ENABLE_STRICT_OBJC_MSGSEND = YES;
				GCC_C_LANGUAGE_STANDARD = gnu11;
				GCC_NO_COMMON_BLOCKS = YES;
				GCC_WARN_64_TO_32_BIT_CONVERSION = YES;
				GCC_WARN_ABOUT_RETURN_TYPE = YES_ERROR;
				GCC_WARN_UNDECLARED_SELECTOR = YES;
				GCC_WARN_UNINITIALIZED_AUTOS = YES_AGGRESSIVE;
				GCC_WARN_UNUSED_FUNCTION = YES;
				GCC_WARN_UNUSED_VARIABLE = YES;
				IPHONEOS_DEPLOYMENT_TARGET = 11.0;
				MTL_ENABLE_DEBUG_INFO = NO;
				SDKROOT = iphoneos;
				SWIFT_OPTIMIZATION_LEVEL = "-Owholemodule";
				VALIDATE_PRODUCT = YES;
			};
			name = Release;
		};
		11D1AA7C1F8E08FF0001178C /* Debug */ = {
			isa = XCBuildConfiguration;
			buildSettings = {
				ASSETCATALOG_COMPILER_APPICON_NAME = AppIcon;
				CODE_SIGN_STYLE = Automatic;
				DEVELOPMENT_TEAM = 5PC945PXWK;
				INFOPLIST_FILE = "app-cassini/Info.plist";
				LD_RUNPATH_SEARCH_PATHS = "$(inherited) @executable_path/Frameworks";
				PRODUCT_BUNDLE_IDENTIFIER = "com.app-cassini";
				PRODUCT_NAME = "$(TARGET_NAME)";
				SWIFT_VERSION = 4.0;
				TARGETED_DEVICE_FAMILY = "1,2";
			};
			name = Debug;
		};
		11D1AA7D1F8E08FF0001178C /* Release */ = {
			isa = XCBuildConfiguration;
			buildSettings = {
				ASSETCATALOG_COMPILER_APPICON_NAME = AppIcon;
				CODE_SIGN_STYLE = Automatic;
				DEVELOPMENT_TEAM = 5PC945PXWK;
				INFOPLIST_FILE = "app-cassini/Info.plist";
				LD_RUNPATH_SEARCH_PATHS = "$(inherited) @executable_path/Frameworks";
				PRODUCT_BUNDLE_IDENTIFIER = "com.app-cassini";
				PRODUCT_NAME = "$(TARGET_NAME)";
				SWIFT_VERSION = 4.0;
				TARGETED_DEVICE_FAMILY = "1,2";
			};
			name = Release;
		};
/* End XCBuildConfiguration section */

/* Begin XCConfigurationList section */
		11D1AA641F8E08FE0001178C /* Build configuration list for PBXProject "app-cassini" */ = {
			isa = XCConfigurationList;
			buildConfigurations = (
				11D1AA791F8E08FF0001178C /* Debug */,
				11D1AA7A1F8E08FF0001178C /* Release */,
			);
			defaultConfigurationIsVisible = 0;
			defaultConfigurationName = Release;
		};
		11D1AA7B1F8E08FF0001178C /* Build configuration list for PBXNativeTarget "app-cassini" */ = {
			isa = XCConfigurationList;
			buildConfigurations = (
				11D1AA7C1F8E08FF0001178C /* Debug */,
				11D1AA7D1F8E08FF0001178C /* Release */,
			);
			defaultConfigurationIsVisible = 0;
			defaultConfigurationName = Release;
		};
/* End XCConfigurationList section */
	};
	rootObject = 11D1AA611F8E08FE0001178C /* Project object */;
}
